
Microsoft Visual Studio Solution File, Format Version 12.00
# Visual Studio Version 17
VisualStudioVersion = 17.14.36203.30
MinimumVisualStudioVersion = 10.0.40219.1
Project("{FAE04EC0-301F-11D3-BF4B-00C04F79EFBC}") = "DataTypeTask1", "DataTypeTask1\DataTypeTask1.csproj", "{3E673A8B-E6F0-402B-8E60-B576595564F0}"
EndProject
Project("{FAE04EC0-301F-11D3-BF4B-00C04F79EFBC}") = "DataTypeTask2", "DataTypeTask2\DataTypeTask2.csproj", "{D41B58D0-2072-484D-BAC9-ABFB64C4A88E}"
EndProject
Project("{FAE04EC0-301F-11D3-BF4B-00C04F79EFBC}") = "ProductManagementTask3", "ProductManagement\ProductManagementTask3.csproj", "{FE6F6129-F03E-41D0-9469-64DEF4C2027B}"
EndProject
Project("{FAE04EC0-301F-11D3-BF4B-00C04F79EFBC}") = "CollectionTask4", "CollectionTask4\CollectionTask4.csproj", "{0C04A4DF-E084-4701-A30E-42B5241E695D}"
EndProject
Global
	GlobalSection(SolutionConfigurationPlatforms) = preSolution
		Debug|Any CPU = Debug|Any CPU
		Release|Any CPU = Release|Any CPU
	EndGlobalSection
	GlobalSection(ProjectConfigurationPlatforms) = postSolution
		{3E673A8B-E6F0-402B-8E60-B576595564F0}.Debug|Any CPU.ActiveCfg = Debug|Any CPU
		{3E673A8B-E6F0-402B-8E60-B576595564F0}.Debug|Any CPU.Build.0 = Debug|Any CPU
		{3E673A8B-E6F0-402B-8E60-B576595564F0}.Release|Any CPU.ActiveCfg = Release|Any CPU
		{3E673A8B-E6F0-402B-8E60-B576595564F0}.Release|Any CPU.Build.0 = Release|Any CPU
		{D41B58D0-2072-484D-BAC9-ABFB64C4A88E}.Debug|Any CPU.ActiveCfg = Debug|Any CPU
		{D41B58D0-2072-484D-BAC9-ABFB64C4A88E}.Debug|Any CPU.Build.0 = Debug|Any CPU
		{D41B58D0-2072-484D-BAC9-ABFB64C4A88E}.Release|Any CPU.ActiveCfg = Release|Any CPU
		{D41B58D0-2072-484D-BAC9-ABFB64C4A88E}.Release|Any CPU.Build.0 = Release|Any CPU
		{FE6F6129-F03E-41D0-9469-64DEF4C2027B}.Debug|Any CPU.ActiveCfg = Debug|Any CPU
		{FE6F6129-F03E-41D0-9469-64DEF4C2027B}.Debug|Any CPU.Build.0 = Debug|Any CPU
		{FE6F6129-F03E-41D0-9469-64DEF4C2027B}.Release|Any CPU.ActiveCfg = Release|Any CPU
		{FE6F6129-F03E-41D0-9469-64DEF4C2027B}.Release|Any CPU.Build.0 = Release|Any CPU
		{0C04A4DF-E084-4701-A30E-42B5241E695D}.Debug|Any CPU.ActiveCfg = Debug|Any CPU
		{0C04A4DF-E084-4701-A30E-42B5241E695D}.Debug|Any CPU.Build.0 = Debug|Any CPU
		{0C04A4DF-E084-4701-A30E-42B5241E695D}.Release|Any CPU.ActiveCfg = Release|Any CPU
		{0C04A4DF-E084-4701-A30E-42B5241E695D}.Release|Any CPU.Build.0 = Release|Any CPU
	EndGlobalSection
	GlobalSection(SolutionProperties) = preSolution
		HideSolutionNode = FALSE
	EndGlobalSection
	GlobalSection(ExtensibilityGlobals) = postSolution
		SolutionGuid = {C467E5A8-4980-4743-AA80-B3593E81D000}
	EndGlobalSection
EndGlobal
